
Microsoft Visual Studio Solution File, Format Version 12.00
# Visual Studio Version 16
VisualStudioVersion = 16.0.32428.217
MinimumVisualStudioVersion = 10.0.40219.1
Project("{8BC9CEB8-8B4A-11D0-8D11-00A0C91BC942}") = "CalculateTeacherClient", "CalculateTeacherClient.vcxproj", "{AC1C6AF1-24D7-4C76-AAD6-97809D3EC67E}"
EndProject
Global
	GlobalSection(SolutionConfigurationPlatforms) = preSolution
		Debug|x64 = Debug|x64
		Debug|x86 = Debug|x86
		Release|x64 = Release|x64
		Release|x86 = Release|x86
	EndGlobalSection
	GlobalSection(ProjectConfigurationPlatforms) = postSolution
		{AC1C6AF1-24D7-4C76-AAD6-97809D3EC67E}.Debug|x64.ActiveCfg = Debug|x64
		{AC1C6AF1-24D7-4C76-AAD6-97809D3EC67E}.Debug|x64.Build.0 = Debug|x64
		{AC1C6AF1-24D7-4C76-AAD6-97809D3EC67E}.Debug|x86.ActiveCfg = Debug|Win32
		{AC1C6AF1-24D7-4C76-AAD6-97809D3EC67E}.Debug|x86.Build.0 = Debug|Win32
		{AC1C6AF1-24D7-4C76-AAD6-97809D3EC67E}.Release|x64.ActiveCfg = Release|x64
		{AC1C6AF1-24D7-4C76-AAD6-97809D3EC67E}.Release|x64.Build.0 = Release|x64
		{AC1C6AF1-24D7-4C76-AAD6-97809D3EC67E}.Release|x86.ActiveCfg = Release|Win32
		{AC1C6AF1-24D7-4C76-AAD6-97809D3EC67E}.Release|x86.Build.0 = Release|Win32
	EndGlobalSection
	GlobalSection(SolutionProperties) = preSolution
		HideSolutionNode = FALSE
	EndGlobalSection
	GlobalSection(ExtensibilityGlobals) = postSolution
		SolutionGuid = {C0A76DB6-9094-40B6-838A-EA39D17B629D}
	EndGlobalSection
EndGlobal
